
Microsoft Visual Studio Solution File, Format Version 12.00
# Visual Studio Version 17
VisualStudioVersion = 17.9.34622.214
MinimumVisualStudioVersion = 10.0.40219.1
Project("{FAE04EC0-301F-11D3-BF4B-00C04F79EFBC}") = "FleetManagementAPI", "FleetManagementAPI.csproj", "{6E12DC5E-47D6-46EF-8987-919E2A71DE8E}"
EndProject
Global
	GlobalSection(SolutionConfigurationPlatforms) = preSolution
		Debug|Any CPU = Debug|Any CPU
		Release|Any CPU = Release|Any CPU
	EndGlobalSection
	GlobalSection(ProjectConfigurationPlatforms) = postSolution
		{6E12DC5E-47D6-46EF-8987-919E2A71DE8E}.Debug|Any CPU.ActiveCfg = Debug|Any CPU
		{6E12DC5E-47D6-46EF-8987-919E2A71DE8E}.Debug|Any CPU.Build.0 = Debug|Any CPU
		{6E12DC5E-47D6-46EF-8987-919E2A71DE8E}.Release|Any CPU.ActiveCfg = Release|Any CPU
		{6E12DC5E-47D6-46EF-8987-919E2A71DE8E}.Release|Any CPU.Build.0 = Release|Any CPU
	EndGlobalSection
	GlobalSection(SolutionProperties) = preSolution
		HideSolutionNode = FALSE
	EndGlobalSection
	GlobalSection(ExtensibilityGlobals) = postSolution
		SolutionGuid = {F165903B-1E3D-4D5B-A81D-E412B008EF3E}
	EndGlobalSection
EndGlobal
